
Microsoft Visual Studio Solution File, Format Version 12.00
# Visual Studio 2015
Project("{FAE04EC0-301F-11D3-BF4B-00C04F79EFBC}") = "Assembly-CSharp", "Assembly-CSharp.csproj", "{7D016456-F921-173C-2CE6-A841CA64F1B6}"
EndProject
Project("{FAE04EC0-301F-11D3-BF4B-00C04F79EFBC}") = "Assembly-CSharp-Editor", "Assembly-CSharp-Editor.csproj", "{EDDDB11B-F3F7-F8FB-1AF3-5BE99B100131}"
EndProject
Global
	GlobalSection(SolutionConfigurationPlatforms) = preSolution
		Debug|Any CPU = Debug|Any CPU
		Release|Any CPU = Release|Any CPU
	EndGlobalSection
	GlobalSection(ProjectConfigurationPlatforms) = postSolution
		{7D016456-F921-173C-2CE6-A841CA64F1B6}.Debug|Any CPU.ActiveCfg = Debug|Any CPU
		{7D016456-F921-173C-2CE6-A841CA64F1B6}.Debug|Any CPU.Build.0 = Debug|Any CPU
		{7D016456-F921-173C-2CE6-A841CA64F1B6}.Release|Any CPU.ActiveCfg = Release|Any CPU
		{7D016456-F921-173C-2CE6-A841CA64F1B6}.Release|Any CPU.Build.0 = Release|Any CPU
		{EDDDB11B-F3F7-F8FB-1AF3-5BE99B100131}.Debug|Any CPU.ActiveCfg = Debug|Any CPU
		{EDDDB11B-F3F7-F8FB-1AF3-5BE99B100131}.Debug|Any CPU.Build.0 = Debug|Any CPU
		{EDDDB11B-F3F7-F8FB-1AF3-5BE99B100131}.Release|Any CPU.ActiveCfg = Release|Any CPU
		{EDDDB11B-F3F7-F8FB-1AF3-5BE99B100131}.Release|Any CPU.Build.0 = Release|Any CPU
	EndGlobalSection
	GlobalSection(SolutionProperties) = preSolution
		HideSolutionNode = FALSE
	EndGlobalSection
EndGlobal
