
Microsoft Visual Studio Solution File, Format Version 12.00
# Visual Studio 2015
Project("{FAE04EC0-301F-11D3-BF4B-00C04F79EFBC}") = "AstarPathfindingProject", "AstarPathfindingProject.csproj", "{D4CBB26E-B0F7-F202-A4B4-26807C689A06}"
EndProject
Project("{FAE04EC0-301F-11D3-BF4B-00C04F79EFBC}") = "AstarPathfindingProjectEditor", "AstarPathfindingProjectEditor.csproj", "{B04E5A3A-6921-15F7-8C1B-58741613959B}"
EndProject
Project("{FAE04EC0-301F-11D3-BF4B-00C04F79EFBC}") = "PackageToolsEditor", "PackageToolsEditor.csproj", "{5F152EE4-0E77-0CD2-4933-8B114BC01921}"
EndProject
Global
	GlobalSection(SolutionConfigurationPlatforms) = preSolution
		Debug|Any CPU = Debug|Any CPU
		Release|Any CPU = Release|Any CPU
	EndGlobalSection
	GlobalSection(ProjectConfigurationPlatforms) = postSolution
		{D4CBB26E-B0F7-F202-A4B4-26807C689A06}.Debug|Any CPU.ActiveCfg = Debug|Any CPU
		{D4CBB26E-B0F7-F202-A4B4-26807C689A06}.Debug|Any CPU.Build.0 = Debug|Any CPU
		{D4CBB26E-B0F7-F202-A4B4-26807C689A06}.Release|Any CPU.ActiveCfg = Release|Any CPU
		{D4CBB26E-B0F7-F202-A4B4-26807C689A06}.Release|Any CPU.Build.0 = Release|Any CPU
		{B04E5A3A-6921-15F7-8C1B-58741613959B}.Debug|Any CPU.ActiveCfg = Debug|Any CPU
		{B04E5A3A-6921-15F7-8C1B-58741613959B}.Debug|Any CPU.Build.0 = Debug|Any CPU
		{B04E5A3A-6921-15F7-8C1B-58741613959B}.Release|Any CPU.ActiveCfg = Release|Any CPU
		{B04E5A3A-6921-15F7-8C1B-58741613959B}.Release|Any CPU.Build.0 = Release|Any CPU
		{5F152EE4-0E77-0CD2-4933-8B114BC01921}.Debug|Any CPU.ActiveCfg = Debug|Any CPU
		{5F152EE4-0E77-0CD2-4933-8B114BC01921}.Debug|Any CPU.Build.0 = Debug|Any CPU
		{5F152EE4-0E77-0CD2-4933-8B114BC01921}.Release|Any CPU.ActiveCfg = Release|Any CPU
		{5F152EE4-0E77-0CD2-4933-8B114BC01921}.Release|Any CPU.Build.0 = Release|Any CPU
	EndGlobalSection
	GlobalSection(SolutionProperties) = preSolution
		HideSolutionNode = FALSE
	EndGlobalSection
EndGlobal
